// !$*UTF8*$!
{
	archiveVersion = 1;
	classes = {
	};
	objectVersion = 50;
	objects = {

/* Begin PBXBuildFile section */
		E0F1ABC127048014005EC768 /* AppDelegate.swift in Sources */ = {isa = PBXBuildFile; fileRef = E0F1ABC027048014005EC768 /* AppDelegate.swift */; };
		E0F1ABC327048014005EC768 /* SceneDelegate.swift in Sources */ = {isa = PBXBuildFile; fileRef = E0F1ABC227048014005EC768 /* SceneDelegate.swift */; };
		E0F1ABC527048014005EC768 /* ViewController.swift in Sources */ = {isa = PBXBuildFile; fileRef = E0F1ABC427048014005EC768 /* ViewController.swift */; };
		E0F1ABC827048014005EC768 /* Main.storyboard in Resources */ = {isa = PBXBuildFile; fileRef = E0F1ABC627048014005EC768 /* Main.storyboard */; };
		E0F1ABCA2704801C005EC768 /* Assets.xcassets in Resources */ = {isa = PBXBuildFile; fileRef = E0F1ABC92704801C005EC768 /* Assets.xcassets */; };
		E0F1ABCD2704801C005EC768 /* LaunchScreen.storyboard in Resources */ = {isa = PBXBuildFile; fileRef = E0F1ABCB2704801C005EC768 /* LaunchScreen.storyboard */; };
		E0F1ABD72704805F005EC768 /* IJKMediaFramework.framework in Frameworks */ = {isa = PBXBuildFile; fileRef = E0F1ABD62704805F005EC768 /* IJKMediaFramework.framework */; };
		E0F1ABE22704816E005EC768 /* libz.tbd in Frameworks */ = {isa = PBXBuildFile; fileRef = E0F1ABD927048084005EC768 /* libz.tbd */; };
/* End PBXBuildFile section */

/* Begin PBXFileReference section */
		E0F1ABBD27048014005EC768 /* RTMP Player.app */ = {isa = PBXFileReference; explicitFileType = wrapper.application; includeInIndex = 0; path = "RTMP Player.app"; sourceTree = BUILT_PRODUCTS_DIR; };
		E0F1ABC027048014005EC768 /* AppDelegate.swift */ = {isa = PBXFileReference; lastKnownFileType = sourcecode.swift; path = AppDelegate.swift; sourceTree = "<group>"; };
		E0F1ABC227048014005EC768 /* SceneDelegate.swift */ = {isa = PBXFileReference; lastKnownFileType = sourcecode.swift; path = SceneDelegate.swift; sourceTree = "<group>"; };
		E0F1ABC427048014005EC768 /* ViewController.swift */ = {isa = PBXFileReference; lastKnownFileType = sourcecode.swift; path = ViewController.swift; sourceTree = "<group>"; };
		E0F1ABC727048014005EC768 /* Base */ = {isa = PBXFileReference; lastKnownFileType = file.storyboard; name = Base; path = Base.lproj/Main.storyboard; sourceTree = "<group>"; };
		E0F1ABC92704801C005EC768 /* Assets.xcassets */ = {isa = PBXFileReference; lastKnownFileType = folder.assetcatalog; path = Assets.xcassets; sourceTree = "<group>"; };
		E0F1ABCC2704801C005EC768 /* Base */ = {isa = PBXFileReference; lastKnownFileType = file.storyboard; name = Base; path = Base.lproj/LaunchScreen.storyboard; sourceTree = "<group>"; };
		E0F1ABCE2704801C005EC768 /* Info.plist */ = {isa = PBXFileReference; lastKnownFileType = text.plist.xml; path = Info.plist; sourceTree = "<group>"; };
		E0F1ABD62704805F005EC768 /* IJKMediaFramework.framework */ = {isa = PBXFileReference; lastKnownFileType = wrapper.framework; path = IJKMediaFramework.framework; sourceTree = "<group>"; };
		E0F1ABD927048084005EC768 /* libz.tbd */ = {isa = PBXFileReference; lastKnownFileType = "sourcecode.text-based-dylib-definition"; name = libz.tbd; path = usr/lib/libz.tbd; sourceTree = SDKROOT; };
		E0F1ABDB270480BE005EC768 /* RTMP Player-Bridging-Header.h */ = {isa = PBXFileReference; lastKnownFileType = sourcecode.c.h; path = "RTMP Player-Bridging-Header.h"; sourceTree = "<group>"; };
/* End PBXFileReference section */

/* Begin PBXFrameworksBuildPhase section */
		E0F1ABBA27048014005EC768 /* Frameworks */ = {
			isa = PBXFrameworksBuildPhase;
			buildActionMask = 2147483647;
			files = (
				E0F1ABD72704805F005EC768 /* IJKMediaFramework.framework in Frameworks */,
				E0F1ABE22704816E005EC768 /* libz.tbd in Frameworks */,
			);
			runOnlyForDeploymentPostprocessing = 0;
		};
/* End PBXFrameworksBuildPhase section */

/* Begin PBXGroup section */
		E0F1ABB427048014005EC768 = {
			isa = PBXGroup;
			children = (
				E0F1ABBF27048014005EC768 /* RTMP Player */,
				E0F1ABBE27048014005EC768 /* Products */,
				E0F1ABD827048083005EC768 /* Frameworks */,
			);
			sourceTree = "<group>";
		};
		E0F1ABBE27048014005EC768 /* Products */ = {
			isa = PBXGroup;
			children = (
				E0F1ABBD27048014005EC768 /* RTMP Player.app */,
			);
			name = Products;
			sourceTree = "<group>";
		};
		E0F1ABBF27048014005EC768 /* RTMP Player */ = {
			isa = PBXGroup;
			children = (
				E0F1ABD62704805F005EC768 /* IJKMediaFramework.framework */,
				E0F1ABC027048014005EC768 /* AppDelegate.swift */,
				E0F1ABC227048014005EC768 /* SceneDelegate.swift */,
				E0F1ABC427048014005EC768 /* ViewController.swift */,
				E0F1ABC627048014005EC768 /* Main.storyboard */,
				E0F1ABC92704801C005EC768 /* Assets.xcassets */,
				E0F1ABCB2704801C005EC768 /* LaunchScreen.storyboard */,
				E0F1ABCE2704801C005EC768 /* Info.plist */,
				E0F1ABDB270480BE005EC768 /* RTMP Player-Bridging-Header.h */,
			);
			path = "RTMP Player";
			sourceTree = "<group>";
		};
		E0F1ABD827048083005EC768 /* Frameworks */ = {
			isa = PBXGroup;
			children = (
				E0F1ABD927048084005EC768 /* libz.tbd */,
			);
			name = Frameworks;
			sourceTree = "<group>";
		};
/* End PBXGroup section */

/* Begin PBXNativeTarget section */
		E0F1ABBC27048014005EC768 /* RTMP Player */ = {
			isa = PBXNativeTarget;
			buildConfigurationList = E0F1ABD12704801C005EC768 /* Build configuration list for PBXNativeTarget "RTMP Player" */;
			buildPhases = (
				E0F1ABB927048014005EC768 /* Sources */,
				E0F1ABBA27048014005EC768 /* Frameworks */,
				E0F1ABBB27048014005EC768 /* Resources */,
			);
			buildRules = (
			);
			dependencies = (
			);
			name = "RTMP Player";
			productName = "RTMP Player";
			productReference = E0F1ABBD27048014005EC768 /* RTMP Player.app */;
			productType = "com.apple.product-type.application";
		};
/* End PBXNativeTarget section */

/* Begin PBXProject section */
		E0F1ABB527048014005EC768 /* Project object */ = {
			isa = PBXProject;
			attributes = {
				LastSwiftUpdateCheck = 1220;
				LastUpgradeCheck = 1220;
				TargetAttributes = {
					E0F1ABBC27048014005EC768 = {
						CreatedOnToolsVersion = 12.2;
						LastSwiftMigration = 1220;
					};
				};
			};
			buildConfigurationList = E0F1ABB827048014005EC768 /* Build configuration list for PBXProject "RTMP Player" */;
			compatibilityVersion = "Xcode 9.3";
			developmentRegion = en;
			hasScannedForEncodings = 0;
			knownRegions = (
				en,
				Base,
			);
			mainGroup = E0F1ABB427048014005EC768;
			productRefGroup = E0F1ABBE27048014005EC768 /* Products */;
			projectDirPath = "";
			projectRoot = "";
			targets = (
				E0F1ABBC27048014005EC768 /* RTMP Player */,
			);
		};
/* End PBXProject section */

/* Begin PBXResourcesBuildPhase section */
		E0F1ABBB27048014005EC768 /* Resources */ = {
			isa = PBXResourcesBuildPhase;
			buildActionMask = 2147483647;
			files = (
				E0F1ABCD2704801C005EC768 /* LaunchScreen.storyboard in Resources */,
				E0F1ABCA2704801C005EC768 /* Assets.xcassets in Resources */,
				E0F1ABC827048014005EC768 /* Main.storyboard in Resources */,
			);
			runOnlyForDeploymentPostprocessing = 0;
		};
/* End PBXResourcesBuildPhase section */

/* Begin PBXSourcesBuildPhase section */
		E0F1ABB927048014005EC768 /* Sources */ = {
			isa = PBXSourcesBuildPhase;
			buildActionMask = 2147483647;
			files = (
				E0F1ABC527048014005EC768 /* ViewController.swift in Sources */,
				E0F1ABC127048014005EC768 /* AppDelegate.swift in Sources */,
				E0F1ABC327048014005EC768 /* SceneDelegate.swift in Sources */,
			);
			runOnlyForDeploymentPostprocessing = 0;
		};
/* End PBXSourcesBuildPhase section */

/* Begin PBXVariantGroup section */
		E0F1ABC627048014005EC768 /* Main.storyboard */ = {
			isa = PBXVariantGroup;
			children = (
				E0F1ABC727048014005EC768 /* Base */,
			);
			name = Main.storyboard;
			sourceTree = "<group>";
		};
		E0F1ABCB2704801C005EC768 /* LaunchScreen.storyboard */ = {
			isa = PBXVariantGroup;
			children = (
				E0F1ABCC2704801C005EC768 /* Base */,
			);
			name = LaunchScreen.storyboard;
			sourceTree = "<group>";
		};
/* End PBXVariantGroup section */

/* Begin XCBuildConfiguration section */
		E0F1ABCF2704801C005EC768 /* Debug */ = {
			isa = XCBuildConfiguration;
			buildSettings = {
				ALWAYS_SEARCH_USER_PATHS = NO;
				CLANG_ANALYZER_NONNULL = YES;
				CLANG_ANALYZER_NUMBER_OBJECT_CONVERSION = YES_AGGRESSIVE;
				CLANG_CXX_LANGUAGE_STANDARD = "gnu++14";
				CLANG_CXX_LIBRARY = "libc++";
				CLANG_ENABLE_MODULES = YES;
				CLANG_ENABLE_OBJC_ARC = YES;
				CLANG_ENABLE_OBJC_WEAK = YES;
				CLANG_WARN_BLOCK_CAPTURE_AUTORELEASING = YES;
				CLANG_WARN_BOOL_CONVERSION = YES;
				CLANG_WARN_COMMA = YES;
				CLANG_WARN_CONSTANT_CONVERSION = YES;
				CLANG_WARN_DEPRECATED_OBJC_IMPLEMENTATIONS = YES;
				CLANG_WARN_DIRECT_OBJC_ISA_USAGE = YES_ERROR;
				CLANG_WARN_DOCUMENTATION_COMMENTS = YES;
				CLANG_WARN_EMPTY_BODY = YES;
				CLANG_WARN_ENUM_CONVERSION = YES;
				CLANG_WARN_INFINITE_RECURSION = YES;
				CLANG_WARN_INT_CONVERSION = YES;
				CLANG_WARN_NON_LITERAL_NULL_CONVERSION = YES;
				CLANG_WARN_OBJC_IMPLICIT_RETAIN_SELF = YES;
				CLANG_WARN_OBJC_LITERAL_CONVERSION = YES;
				CLANG_WARN_OBJC_ROOT_CLASS = YES_ERROR;
				CLANG_WARN_QUOTED_INCLUDE_IN_FRAMEWORK_HEADER = YES;
				CLANG_WARN_RANGE_LOOP_ANALYSIS = YES;
				CLANG_WARN_STRICT_PROTOTYPES = YES;
				CLANG_WARN_SUSPICIOUS_MOVE = YES;
				CLANG_WARN_UNGUARDED_AVAILABILITY = YES_AGGRESSIVE;
				CLANG_WARN_UNREACHABLE_CODE = YES;
				CLANG_WARN__DUPLICATE_METHOD_MATCH = YES;
				COPY_PHASE_STRIP = NO;
				DEBUG_INFORMATION_FORMAT = dwarf;
				ENABLE_STRICT_OBJC_MSGSEND = YES;
				ENABLE_TESTABILITY = YES;
				GCC_C_LANGUAGE_STANDARD = gnu11;
				GCC_DYNAMIC_NO_PIC = NO;
				GCC_NO_COMMON_BLOCKS = YES;
				GCC_OPTIMIZATION_LEVEL = 0;
				GCC_PREPROCESSOR_DEFINITIONS = (
					"DEBUG=1",
					"$(inherited)",
				);
				GCC_WARN_64_TO_32_BIT_CONVERSION = YES;
				GCC_WARN_ABOUT_RETURN_TYPE = YES_ERROR;
				GCC_WARN_UNDECLARED_SELECTOR = YES;
				GCC_WARN_UNINITIALIZED_AUTOS = YES_AGGRESSIVE;
				GCC_WARN_UNUSED_FUNCTION = YES;
				GCC_WARN_UNUSED_VARIABLE = YES;
				IPHONEOS_DEPLOYMENT_TARGET = 14.2;
				MTL_ENABLE_DEBUG_INFO = INCLUDE_SOURCE;
				MTL_FAST_MATH = YES;
				ONLY_ACTIVE_ARCH = YES;
				SDKROOT = iphoneos;
				SWIFT_ACTIVE_COMPILATION_CONDITIONS = DEBUG;
				SWIFT_OPTIMIZATION_LEVEL = "-Onone";
			};
			name = Debug;
		};
		E0F1ABD02704801C005EC768 /* Release */ = {
			isa = XCBuildConfiguration;
			buildSettings = {
				ALWAYS_SEARCH_USER_PATHS = NO;
				CLANG_ANALYZER_NONNULL = YES;
				CLANG_ANALYZER_NUMBER_OBJECT_CONVERSION = YES_AGGRESSIVE;
				CLANG_CXX_LANGUAGE_STANDARD = "gnu++14";
				CLANG_CXX_LIBRARY = "libc++";
				CLANG_ENABLE_MODULES = YES;
				CLANG_ENABLE_OBJC_ARC = YES;
				CLANG_ENABLE_OBJC_WEAK = YES;
				CLANG_WARN_BLOCK_CAPTURE_AUTORELEASING = YES;
				CLANG_WARN_BOOL_CONVERSION = YES;
				CLANG_WARN_COMMA = YES;
				CLANG_WARN_CONSTANT_CONVERSION = YES;
				CLANG_WARN_DEPRECATED_OBJC_IMPLEMENTATIONS = YES;
				CLANG_WARN_DIRECT_OBJC_ISA_USAGE = YES_ERROR;
				CLANG_WARN_DOCUMENTATION_COMMENTS = YES;
				CLANG_WARN_EMPTY_BODY = YES;
				CLANG_WARN_ENUM_CONVERSION = YES;
				CLANG_WARN_INFINITE_RECURSION = YES;
				CLANG_WARN_INT_CONVERSION = YES;
				CLANG_WARN_NON_LITERAL_NULL_CONVERSION = YES;
				CLANG_WARN_OBJC_IMPLICIT_RETAIN_SELF = YES;
				CLANG_WARN_OBJC_LITERAL_CONVERSION = YES;
				CLANG_WARN_OBJC_ROOT_CLASS = YES_ERROR;
				CLANG_WARN_QUOTED_INCLUDE_IN_FRAMEWORK_HEADER = YES;
				CLANG_WARN_RANGE_LOOP_ANALYSIS = YES;
				CLANG_WARN_STRICT_PROTOTYPES = YES;
				CLANG_WARN_SUSPICIOUS_MOVE = YES;
				CLANG_WARN_UNGUARDED_AVAILABILITY = YES_AGGRESSIVE;
				CLANG_WARN_UNREACHABLE_CODE = YES;
				CLANG_WARN__DUPLICATE_METHOD_MATCH = YES;
				COPY_PHASE_STRIP = NO;
				DEBUG_INFORMATION_FORMAT = "dwarf-with-dsym";
				ENABLE_NS_ASSERTIONS = NO;
				ENABLE_STRICT_OBJC_MSGSEND = YES;
				GCC_C_LANGUAGE_STANDARD = gnu11;
				GCC_NO_COMMON_BLOCKS = YES;
				GCC_WARN_64_TO_32_BIT_CONVERSION = YES;
				GCC_WARN_ABOUT_RETURN_TYPE = YES_ERROR;
				GCC_WARN_UNDECLARED_SELECTOR = YES;
				GCC_WARN_UNINITIALIZED_AUTOS = YES_AGGRESSIVE;
				GCC_WARN_UNUSED_FUNCTION = YES;
				GCC_WARN_UNUSED_VARIABLE = YES;
				IPHONEOS_DEPLOYMENT_TARGET = 14.2;
				MTL_ENABLE_DEBUG_INFO = NO;
				MTL_FAST_MATH = YES;
				SDKROOT = iphoneos;
				SWIFT_COMPILATION_MODE = wholemodule;
				SWIFT_OPTIMIZATION_LEVEL = "-O";
				VALIDATE_PRODUCT = YES;
			};
			name = Release;
		};
		E0F1ABD22704801C005EC768 /* Debug */ = {
			isa = XCBuildConfiguration;
			buildSettings = {
				ASSETCATALOG_COMPILER_APPICON_NAME = AppIcon;
				ASSETCATALOG_COMPILER_GLOBAL_ACCENT_COLOR_NAME = AccentColor;
				CLANG_ENABLE_MODULES = YES;
				CODE_SIGN_STYLE = Automatic;
				DEVELOPMENT_TEAM = TE4W23237W;
				ENABLE_BITCODE = NO;
				FRAMEWORK_SEARCH_PATHS = (
					"$(inherited)",
					"$(PROJECT_DIR)/RTMP\\ Player",
				);
				INFOPLIST_FILE = "RTMP Player/Info.plist";
				IPHONEOS_DEPLOYMENT_TARGET = 13.0;
				LD_RUNPATH_SEARCH_PATHS = (
					"$(inherited)",
					"@executable_path/Frameworks",
				);
				PRODUCT_BUNDLE_IDENTIFIER = com.ongraph.RTMPPlayer;
				PRODUCT_NAME = "$(TARGET_NAME)";
				SWIFT_OBJC_BRIDGING_HEADER = "RTMP Player/RTMP Player-Bridging-Header.h";
				SWIFT_OPTIMIZATION_LEVEL = "-Onone";
				SWIFT_VERSION = 5.0;
				TARGETED_DEVICE_FAMILY = "1,2";
			};
			name = Debug;
		};
		E0F1ABD32704801C005EC768 /* Release */ = {
			isa = XCBuildConfiguration;
			buildSettings = {
				ASSETCATALOG_COMPILER_APPICON_NAME = AppIcon;
				ASSETCATALOG_COMPILER_GLOBAL_ACCENT_COLOR_NAME = AccentColor;
				CLANG_ENABLE_MODULES = YES;
				CODE_SIGN_STYLE = Automatic;
				DEVELOPMENT_TEAM = TE4W23237W;
				ENABLE_BITCODE = NO;
				FRAMEWORK_SEARCH_PATHS = (
					"$(inherited)",
					"$(PROJECT_DIR)/RTMP\\ Player",
				);
				INFOPLIST_FILE = "RTMP Player/Info.plist";
				IPHONEOS_DEPLOYMENT_TARGET = 13.0;
				LD_RUNPATH_SEARCH_PATHS = (
					"$(inherited)",
					"@executable_path/Frameworks",
				);
				PRODUCT_BUNDLE_IDENTIFIER = com.ongraph.RTMPPlayer;
				PRODUCT_NAME = "$(TARGET_NAME)";
				SWIFT_OBJC_BRIDGING_HEADER = "RTMP Player/RTMP Player-Bridging-Header.h";
				SWIFT_VERSION = 5.0;
				TARGETED_DEVICE_FAMILY = "1,2";
			};
			name = Release;
		};
/* End XCBuildConfiguration section */

/* Begin XCConfigurationList section */
		E0F1ABB827048014005EC768 /* Build configuration list for PBXProject "RTMP Player" */ = {
			isa = XCConfigurationList;
			buildConfigurations = (
				E0F1ABCF2704801C005EC768 /* Debug */,
				E0F1ABD02704801C005EC768 /* Release */,
			);
			defaultConfigurationIsVisible = 0;
			defaultConfigurationName = Release;
		};
		E0F1ABD12704801C005EC768 /* Build configuration list for PBXNativeTarget "RTMP Player" */ = {
			isa = XCConfigurationList;
			buildConfigurations = (
				E0F1ABD22704801C005EC768 /* Debug */,
				E0F1ABD32704801C005EC768 /* Release */,
			);
			defaultConfigurationIsVisible = 0;
			defaultConfigurationName = Release;
		};
/* End XCConfigurationList section */
	};
	rootObject = E0F1ABB527048014005EC768 /* Project object */;
}
