// !$*UTF8*$!
{
	archiveVersion = 1;
	classes = {
	};
	objectVersion = 51;
	objects = {

/* Begin PBXBuildFile section */
		D292834ECF1D8763B340C1EC /* Pods_CrispChat.framework in Frameworks */ = {isa = PBXBuildFile; fileRef = 016DBAF1A54EBA73C4A80AF9 /* Pods_CrispChat.framework */; };
		E0360C6F2727C25D00A51D3F /* AppDelegate.swift in Sources */ = {isa = PBXBuildFile; fileRef = E0360C6E2727C25D00A51D3F /* AppDelegate.swift */; };
		E0360C712727C25D00A51D3F /* SceneDelegate.swift in Sources */ = {isa = PBXBuildFile; fileRef = E0360C702727C25D00A51D3F /* SceneDelegate.swift */; };
		E0360C732727C25D00A51D3F /* ViewController.swift in Sources */ = {isa = PBXBuildFile; fileRef = E0360C722727C25D00A51D3F /* ViewController.swift */; };
		E0360C762727C25D00A51D3F /* Main.storyboard in Resources */ = {isa = PBXBuildFile; fileRef = E0360C742727C25D00A51D3F /* Main.storyboard */; };
		E0360C782727C26000A51D3F /* Assets.xcassets in Resources */ = {isa = PBXBuildFile; fileRef = E0360C772727C26000A51D3F /* Assets.xcassets */; };
		E0360C7B2727C26000A51D3F /* LaunchScreen.storyboard in Resources */ = {isa = PBXBuildFile; fileRef = E0360C792727C26000A51D3F /* LaunchScreen.storyboard */; };
/* End PBXBuildFile section */

/* Begin PBXFileReference section */
		016DBAF1A54EBA73C4A80AF9 /* Pods_CrispChat.framework */ = {isa = PBXFileReference; explicitFileType = wrapper.framework; includeInIndex = 0; path = Pods_CrispChat.framework; sourceTree = BUILT_PRODUCTS_DIR; };
		03C23E41D11912D7BEEDEA9A /* Pods-CrispChat.debug.xcconfig */ = {isa = PBXFileReference; includeInIndex = 1; lastKnownFileType = text.xcconfig; name = "Pods-CrispChat.debug.xcconfig"; path = "Target Support Files/Pods-CrispChat/Pods-CrispChat.debug.xcconfig"; sourceTree = "<group>"; };
		938C473868B1C9723952650A /* Pods-CrispChat.release.xcconfig */ = {isa = PBXFileReference; includeInIndex = 1; lastKnownFileType = text.xcconfig; name = "Pods-CrispChat.release.xcconfig"; path = "Target Support Files/Pods-CrispChat/Pods-CrispChat.release.xcconfig"; sourceTree = "<group>"; };
		E0360C6B2727C25D00A51D3F /* CrispChat.app */ = {isa = PBXFileReference; explicitFileType = wrapper.application; includeInIndex = 0; path = CrispChat.app; sourceTree = BUILT_PRODUCTS_DIR; };
		E0360C6E2727C25D00A51D3F /* AppDelegate.swift */ = {isa = PBXFileReference; lastKnownFileType = sourcecode.swift; path = AppDelegate.swift; sourceTree = "<group>"; };
		E0360C702727C25D00A51D3F /* SceneDelegate.swift */ = {isa = PBXFileReference; lastKnownFileType = sourcecode.swift; path = SceneDelegate.swift; sourceTree = "<group>"; };
		E0360C722727C25D00A51D3F /* ViewController.swift */ = {isa = PBXFileReference; lastKnownFileType = sourcecode.swift; path = ViewController.swift; sourceTree = "<group>"; };
		E0360C752727C25D00A51D3F /* Base */ = {isa = PBXFileReference; lastKnownFileType = file.storyboard; name = Base; path = Base.lproj/Main.storyboard; sourceTree = "<group>"; };
		E0360C772727C26000A51D3F /* Assets.xcassets */ = {isa = PBXFileReference; lastKnownFileType = folder.assetcatalog; path = Assets.xcassets; sourceTree = "<group>"; };
		E0360C7A2727C26000A51D3F /* Base */ = {isa = PBXFileReference; lastKnownFileType = file.storyboard; name = Base; path = Base.lproj/LaunchScreen.storyboard; sourceTree = "<group>"; };
		E0360C7C2727C26000A51D3F /* Info.plist */ = {isa = PBXFileReference; lastKnownFileType = text.plist.xml; path = Info.plist; sourceTree = "<group>"; };
/* End PBXFileReference section */

/* Begin PBXFrameworksBuildPhase section */
		E0360C682727C25D00A51D3F /* Frameworks */ = {
			isa = PBXFrameworksBuildPhase;
			buildActionMask = 2147483647;
			files = (
				D292834ECF1D8763B340C1EC /* Pods_CrispChat.framework in Frameworks */,
			);
			runOnlyForDeploymentPostprocessing = 0;
		};
/* End PBXFrameworksBuildPhase section */

/* Begin PBXGroup section */
		09E00E33A2EB888D6AFF43EF /* Frameworks */ = {
			isa = PBXGroup;
			children = (
				016DBAF1A54EBA73C4A80AF9 /* Pods_CrispChat.framework */,
			);
			name = Frameworks;
			sourceTree = "<group>";
		};
		E0360C622727C25D00A51D3F = {
			isa = PBXGroup;
			children = (
				E0360C6D2727C25D00A51D3F /* CrispChat */,
				E0360C6C2727C25D00A51D3F /* Products */,
				E4D9DBDDA80E130FB0D2F8BD /* Pods */,
				09E00E33A2EB888D6AFF43EF /* Frameworks */,
			);
			sourceTree = "<group>";
		};
		E0360C6C2727C25D00A51D3F /* Products */ = {
			isa = PBXGroup;
			children = (
				E0360C6B2727C25D00A51D3F /* CrispChat.app */,
			);
			name = Products;
			sourceTree = "<group>";
		};
		E0360C6D2727C25D00A51D3F /* CrispChat */ = {
			isa = PBXGroup;
			children = (
				E0360C6E2727C25D00A51D3F /* AppDelegate.swift */,
				E0360C702727C25D00A51D3F /* SceneDelegate.swift */,
				E0360C722727C25D00A51D3F /* ViewController.swift */,
				E0360C742727C25D00A51D3F /* Main.storyboard */,
				E0360C772727C26000A51D3F /* Assets.xcassets */,
				E0360C792727C26000A51D3F /* LaunchScreen.storyboard */,
				E0360C7C2727C26000A51D3F /* Info.plist */,
			);
			path = CrispChat;
			sourceTree = "<group>";
		};
		E4D9DBDDA80E130FB0D2F8BD /* Pods */ = {
			isa = PBXGroup;
			children = (
				03C23E41D11912D7BEEDEA9A /* Pods-CrispChat.debug.xcconfig */,
				938C473868B1C9723952650A /* Pods-CrispChat.release.xcconfig */,
			);
			path = Pods;
			sourceTree = "<group>";
		};
/* End PBXGroup section */

/* Begin PBXNativeTarget section */
		E0360C6A2727C25D00A51D3F /* CrispChat */ = {
			isa = PBXNativeTarget;
			buildConfigurationList = E0360C7F2727C26000A51D3F /* Build configuration list for PBXNativeTarget "CrispChat" */;
			buildPhases = (
				28CB96C4993EF3340F5697F2 /* [CP] Check Pods Manifest.lock */,
				E0360C672727C25D00A51D3F /* Sources */,
				E0360C682727C25D00A51D3F /* Frameworks */,
				E0360C692727C25D00A51D3F /* Resources */,
				54D2C1C971881D14A49C51CE /* [CP] Embed Pods Frameworks */,
			);
			buildRules = (
			);
			dependencies = (
			);
			name = CrispChat;
			productName = CrispChat;
			productReference = E0360C6B2727C25D00A51D3F /* CrispChat.app */;
			productType = "com.apple.product-type.application";
		};
/* End PBXNativeTarget section */

/* Begin PBXProject section */
		E0360C632727C25D00A51D3F /* Project object */ = {
			isa = PBXProject;
			attributes = {
				LastSwiftUpdateCheck = 1220;
				LastUpgradeCheck = 1220;
				TargetAttributes = {
					E0360C6A2727C25D00A51D3F = {
						CreatedOnToolsVersion = 12.2;
					};
				};
			};
			buildConfigurationList = E0360C662727C25D00A51D3F /* Build configuration list for PBXProject "CrispChat" */;
			compatibilityVersion = "Xcode 9.3";
			developmentRegion = en;
			hasScannedForEncodings = 0;
			knownRegions = (
				en,
				Base,
			);
			mainGroup = E0360C622727C25D00A51D3F;
			productRefGroup = E0360C6C2727C25D00A51D3F /* Products */;
			projectDirPath = "";
			projectRoot = "";
			targets = (
				E0360C6A2727C25D00A51D3F /* CrispChat */,
			);
		};
/* End PBXProject section */

/* Begin PBXResourcesBuildPhase section */
		E0360C692727C25D00A51D3F /* Resources */ = {
			isa = PBXResourcesBuildPhase;
			buildActionMask = 2147483647;
			files = (
				E0360C7B2727C26000A51D3F /* LaunchScreen.storyboard in Resources */,
				E0360C782727C26000A51D3F /* Assets.xcassets in Resources */,
				E0360C762727C25D00A51D3F /* Main.storyboard in Resources */,
			);
			runOnlyForDeploymentPostprocessing = 0;
		};
/* End PBXResourcesBuildPhase section */

/* Begin PBXShellScriptBuildPhase section */
		28CB96C4993EF3340F5697F2 /* [CP] Check Pods Manifest.lock */ = {
			isa = PBXShellScriptBuildPhase;
			buildActionMask = 2147483647;
			files = (
			);
			inputFileListPaths = (
			);
			inputPaths = (
				"${PODS_PODFILE_DIR_PATH}/Podfile.lock",
				"${PODS_ROOT}/Manifest.lock",
			);
			name = "[CP] Check Pods Manifest.lock";
			outputFileListPaths = (
			);
			outputPaths = (
				"$(DERIVED_FILE_DIR)/Pods-CrispChat-checkManifestLockResult.txt",
			);
			runOnlyForDeploymentPostprocessing = 0;
			shellPath = /bin/sh;
			shellScript = "diff \"${PODS_PODFILE_DIR_PATH}/Podfile.lock\" \"${PODS_ROOT}/Manifest.lock\" > /dev/null\nif [ $? != 0 ] ; then\n    # print error to STDERR\n    echo \"error: The sandbox is not in sync with the Podfile.lock. Run 'pod install' or update your CocoaPods installation.\" >&2\n    exit 1\nfi\n# This output is used by Xcode 'outputs' to avoid re-running this script phase.\necho \"SUCCESS\" > \"${SCRIPT_OUTPUT_FILE_0}\"\n";
			showEnvVarsInLog = 0;
		};
		54D2C1C971881D14A49C51CE /* [CP] Embed Pods Frameworks */ = {
			isa = PBXShellScriptBuildPhase;
			buildActionMask = 2147483647;
			files = (
			);
			inputFileListPaths = (
				"${PODS_ROOT}/Target Support Files/Pods-CrispChat/Pods-CrispChat-frameworks-${CONFIGURATION}-input-files.xcfilelist",
			);
			name = "[CP] Embed Pods Frameworks";
			outputFileListPaths = (
				"${PODS_ROOT}/Target Support Files/Pods-CrispChat/Pods-CrispChat-frameworks-${CONFIGURATION}-output-files.xcfilelist",
			);
			runOnlyForDeploymentPostprocessing = 0;
			shellPath = /bin/sh;
			shellScript = "\"${PODS_ROOT}/Target Support Files/Pods-CrispChat/Pods-CrispChat-frameworks.sh\"\n";
			showEnvVarsInLog = 0;
		};
/* End PBXShellScriptBuildPhase section */

/* Begin PBXSourcesBuildPhase section */
		E0360C672727C25D00A51D3F /* Sources */ = {
			isa = PBXSourcesBuildPhase;
			buildActionMask = 2147483647;
			files = (
				E0360C732727C25D00A51D3F /* ViewController.swift in Sources */,
				E0360C6F2727C25D00A51D3F /* AppDelegate.swift in Sources */,
				E0360C712727C25D00A51D3F /* SceneDelegate.swift in Sources */,
			);
			runOnlyForDeploymentPostprocessing = 0;
		};
/* End PBXSourcesBuildPhase section */

/* Begin PBXVariantGroup section */
		E0360C742727C25D00A51D3F /* Main.storyboard */ = {
			isa = PBXVariantGroup;
			children = (
				E0360C752727C25D00A51D3F /* Base */,
			);
			name = Main.storyboard;
			sourceTree = "<group>";
		};
		E0360C792727C26000A51D3F /* LaunchScreen.storyboard */ = {
			isa = PBXVariantGroup;
			children = (
				E0360C7A2727C26000A51D3F /* Base */,
			);
			name = LaunchScreen.storyboard;
			sourceTree = "<group>";
		};
/* End PBXVariantGroup section */

/* Begin XCBuildConfiguration section */
		E0360C7D2727C26000A51D3F /* Debug */ = {
			isa = XCBuildConfiguration;
			buildSettings = {
				ALWAYS_SEARCH_USER_PATHS = NO;
				CLANG_ANALYZER_NONNULL = YES;
				CLANG_ANALYZER_NUMBER_OBJECT_CONVERSION = YES_AGGRESSIVE;
				CLANG_CXX_LANGUAGE_STANDARD = "gnu++14";
				CLANG_CXX_LIBRARY = "libc++";
				CLANG_ENABLE_MODULES = YES;
				CLANG_ENABLE_OBJC_ARC = YES;
				CLANG_ENABLE_OBJC_WEAK = YES;
				CLANG_WARN_BLOCK_CAPTURE_AUTORELEASING = YES;
				CLANG_WARN_BOOL_CONVERSION = YES;
				CLANG_WARN_COMMA = YES;
				CLANG_WARN_CONSTANT_CONVERSION = YES;
				CLANG_WARN_DEPRECATED_OBJC_IMPLEMENTATIONS = YES;
				CLANG_WARN_DIRECT_OBJC_ISA_USAGE = YES_ERROR;
				CLANG_WARN_DOCUMENTATION_COMMENTS = YES;
				CLANG_WARN_EMPTY_BODY = YES;
				CLANG_WARN_ENUM_CONVERSION = YES;
				CLANG_WARN_INFINITE_RECURSION = YES;
				CLANG_WARN_INT_CONVERSION = YES;
				CLANG_WARN_NON_LITERAL_NULL_CONVERSION = YES;
				CLANG_WARN_OBJC_IMPLICIT_RETAIN_SELF = YES;
				CLANG_WARN_OBJC_LITERAL_CONVERSION = YES;
				CLANG_WARN_OBJC_ROOT_CLASS = YES_ERROR;
				CLANG_WARN_QUOTED_INCLUDE_IN_FRAMEWORK_HEADER = YES;
				CLANG_WARN_RANGE_LOOP_ANALYSIS = YES;
				CLANG_WARN_STRICT_PROTOTYPES = YES;
				CLANG_WARN_SUSPICIOUS_MOVE = YES;
				CLANG_WARN_UNGUARDED_AVAILABILITY = YES_AGGRESSIVE;
				CLANG_WARN_UNREACHABLE_CODE = YES;
				CLANG_WARN__DUPLICATE_METHOD_MATCH = YES;
				COPY_PHASE_STRIP = NO;
				DEBUG_INFORMATION_FORMAT = dwarf;
				ENABLE_STRICT_OBJC_MSGSEND = YES;
				ENABLE_TESTABILITY = YES;
				GCC_C_LANGUAGE_STANDARD = gnu11;
				GCC_DYNAMIC_NO_PIC = NO;
				GCC_NO_COMMON_BLOCKS = YES;
				GCC_OPTIMIZATION_LEVEL = 0;
				GCC_PREPROCESSOR_DEFINITIONS = (
					"DEBUG=1",
					"$(inherited)",
				);
				GCC_WARN_64_TO_32_BIT_CONVERSION = YES;
				GCC_WARN_ABOUT_RETURN_TYPE = YES_ERROR;
				GCC_WARN_UNDECLARED_SELECTOR = YES;
				GCC_WARN_UNINITIALIZED_AUTOS = YES_AGGRESSIVE;
				GCC_WARN_UNUSED_FUNCTION = YES;
				GCC_WARN_UNUSED_VARIABLE = YES;
				IPHONEOS_DEPLOYMENT_TARGET = 14.2;
				MTL_ENABLE_DEBUG_INFO = INCLUDE_SOURCE;
				MTL_FAST_MATH = YES;
				ONLY_ACTIVE_ARCH = YES;
				SDKROOT = iphoneos;
				SWIFT_ACTIVE_COMPILATION_CONDITIONS = DEBUG;
				SWIFT_OPTIMIZATION_LEVEL = "-Onone";
			};
			name = Debug;
		};
		E0360C7E2727C26000A51D3F /* Release */ = {
			isa = XCBuildConfiguration;
			buildSettings = {
				ALWAYS_SEARCH_USER_PATHS = NO;
				CLANG_ANALYZER_NONNULL = YES;
				CLANG_ANALYZER_NUMBER_OBJECT_CONVERSION = YES_AGGRESSIVE;
				CLANG_CXX_LANGUAGE_STANDARD = "gnu++14";
				CLANG_CXX_LIBRARY = "libc++";
				CLANG_ENABLE_MODULES = YES;
				CLANG_ENABLE_OBJC_ARC = YES;
				CLANG_ENABLE_OBJC_WEAK = YES;
				CLANG_WARN_BLOCK_CAPTURE_AUTORELEASING = YES;
				CLANG_WARN_BOOL_CONVERSION = YES;
				CLANG_WARN_COMMA = YES;
				CLANG_WARN_CONSTANT_CONVERSION = YES;
				CLANG_WARN_DEPRECATED_OBJC_IMPLEMENTATIONS = YES;
				CLANG_WARN_DIRECT_OBJC_ISA_USAGE = YES_ERROR;
				CLANG_WARN_DOCUMENTATION_COMMENTS = YES;
				CLANG_WARN_EMPTY_BODY = YES;
				CLANG_WARN_ENUM_CONVERSION = YES;
				CLANG_WARN_INFINITE_RECURSION = YES;
				CLANG_WARN_INT_CONVERSION = YES;
				CLANG_WARN_NON_LITERAL_NULL_CONVERSION = YES;
				CLANG_WARN_OBJC_IMPLICIT_RETAIN_SELF = YES;
				CLANG_WARN_OBJC_LITERAL_CONVERSION = YES;
				CLANG_WARN_OBJC_ROOT_CLASS = YES_ERROR;
				CLANG_WARN_QUOTED_INCLUDE_IN_FRAMEWORK_HEADER = YES;
				CLANG_WARN_RANGE_LOOP_ANALYSIS = YES;
				CLANG_WARN_STRICT_PROTOTYPES = YES;
				CLANG_WARN_SUSPICIOUS_MOVE = YES;
				CLANG_WARN_UNGUARDED_AVAILABILITY = YES_AGGRESSIVE;
				CLANG_WARN_UNREACHABLE_CODE = YES;
				CLANG_WARN__DUPLICATE_METHOD_MATCH = YES;
				COPY_PHASE_STRIP = NO;
				DEBUG_INFORMATION_FORMAT = "dwarf-with-dsym";
				ENABLE_NS_ASSERTIONS = NO;
				ENABLE_STRICT_OBJC_MSGSEND = YES;
				GCC_C_LANGUAGE_STANDARD = gnu11;
				GCC_NO_COMMON_BLOCKS = YES;
				GCC_WARN_64_TO_32_BIT_CONVERSION = YES;
				GCC_WARN_ABOUT_RETURN_TYPE = YES_ERROR;
				GCC_WARN_UNDECLARED_SELECTOR = YES;
				GCC_WARN_UNINITIALIZED_AUTOS = YES_AGGRESSIVE;
				GCC_WARN_UNUSED_FUNCTION = YES;
				GCC_WARN_UNUSED_VARIABLE = YES;
				IPHONEOS_DEPLOYMENT_TARGET = 14.2;
				MTL_ENABLE_DEBUG_INFO = NO;
				MTL_FAST_MATH = YES;
				SDKROOT = iphoneos;
				SWIFT_COMPILATION_MODE = wholemodule;
				SWIFT_OPTIMIZATION_LEVEL = "-O";
				VALIDATE_PRODUCT = YES;
			};
			name = Release;
		};
		E0360C802727C26000A51D3F /* Debug */ = {
			isa = XCBuildConfiguration;
			baseConfigurationReference = 03C23E41D11912D7BEEDEA9A /* Pods-CrispChat.debug.xcconfig */;
			buildSettings = {
				ASSETCATALOG_COMPILER_APPICON_NAME = AppIcon;
				ASSETCATALOG_COMPILER_GLOBAL_ACCENT_COLOR_NAME = AccentColor;
				CODE_SIGN_STYLE = Automatic;
				DEVELOPMENT_TEAM = TE4W23237W;
				INFOPLIST_FILE = CrispChat/Info.plist;
				LD_RUNPATH_SEARCH_PATHS = (
					"$(inherited)",
					"@executable_path/Frameworks",
				);
				PRODUCT_BUNDLE_IDENTIFIER = com.ongraph.CrispChat;
				PRODUCT_NAME = "$(TARGET_NAME)";
				SWIFT_VERSION = 5.0;
				TARGETED_DEVICE_FAMILY = "1,2";
			};
			name = Debug;
		};
		E0360C812727C26000A51D3F /* Release */ = {
			isa = XCBuildConfiguration;
			baseConfigurationReference = 938C473868B1C9723952650A /* Pods-CrispChat.release.xcconfig */;
			buildSettings = {
				ASSETCATALOG_COMPILER_APPICON_NAME = AppIcon;
				ASSETCATALOG_COMPILER_GLOBAL_ACCENT_COLOR_NAME = AccentColor;
				CODE_SIGN_STYLE = Automatic;
				DEVELOPMENT_TEAM = TE4W23237W;
				INFOPLIST_FILE = CrispChat/Info.plist;
				LD_RUNPATH_SEARCH_PATHS = (
					"$(inherited)",
					"@executable_path/Frameworks",
				);
				PRODUCT_BUNDLE_IDENTIFIER = com.ongraph.CrispChat;
				PRODUCT_NAME = "$(TARGET_NAME)";
				SWIFT_VERSION = 5.0;
				TARGETED_DEVICE_FAMILY = "1,2";
			};
			name = Release;
		};
/* End XCBuildConfiguration section */

/* Begin XCConfigurationList section */
		E0360C662727C25D00A51D3F /* Build configuration list for PBXProject "CrispChat" */ = {
			isa = XCConfigurationList;
			buildConfigurations = (
				E0360C7D2727C26000A51D3F /* Debug */,
				E0360C7E2727C26000A51D3F /* Release */,
			);
			defaultConfigurationIsVisible = 0;
			defaultConfigurationName = Release;
		};
		E0360C7F2727C26000A51D3F /* Build configuration list for PBXNativeTarget "CrispChat" */ = {
			isa = XCConfigurationList;
			buildConfigurations = (
				E0360C802727C26000A51D3F /* Debug */,
				E0360C812727C26000A51D3F /* Release */,
			);
			defaultConfigurationIsVisible = 0;
			defaultConfigurationName = Release;
		};
/* End XCConfigurationList section */
	};
	rootObject = E0360C632727C25D00A51D3F /* Project object */;
}
